
Microsoft Visual Studio Solution File, Format Version 12.00
# Visual Studio 2013
VisualStudioVersion = 12.0.30723.0
MinimumVisualStudioVersion = 10.0.40219.1
Project("{2150E333-8FDC-42A3-9474-1A3956D46DE8}") = "UniversalWithXamarin", "UniversalWithXamarin", "{9E58A2DA-C333-4A41-BF4F-9B88546DBB93}"
EndProject
Project("{D954291E-2A0B-460D-934E-DC6B0785DB48}") = "UniversalWithXamarin.Shared", "UniversalWithXamarin\UniversalWithXamarin.Shared\UniversalWithXamarin.Shared.shproj", "{1FFE966B-1CE5-4E36-9F54-31D0D36A3D49}"
EndProject
Project("{FAE04EC0-301F-11D3-BF4B-00C04F79EFBC}") = "UniversalWithXamarin.Windows", "UniversalWithXamarin\UniversalWithXamarin.Windows\UniversalWithXamarin.Windows.csproj", "{D50C5EDC-1C29-443F-A26A-302E3F7ACC76}"
EndProject
Project("{FAE04EC0-301F-11D3-BF4B-00C04F79EFBC}") = "UniversalWithXamarin.WindowsPhone", "UniversalWithXamarin\UniversalWithXamarin.WindowsPhone\UniversalWithXamarin.WindowsPhone.csproj", "{EBE27477-97CB-4394-BC1F-15ED7140C79F}"
EndProject
Project("{FAE04EC0-301F-11D3-BF4B-00C04F79EFBC}") = "CommonLib", "CommonLib\CommonLib.csproj", "{FA794C59-088A-4E0C-800F-598FC9E102E7}"
EndProject
Project("{FAE04EC0-301F-11D3-BF4B-00C04F79EFBC}") = "Wordie.Droid", "Wordie.Droid\Wordie.Droid.csproj", "{B9DC63C3-C886-407C-8E6A-6BCD8EAF944C}"
EndProject
Project("{FAE04EC0-301F-11D3-BF4B-00C04F79EFBC}") = "Forms", "Forms\Forms\Forms.csproj", "{56231060-FFDD-4AE3-95F3-6FF0B8E64177}"
EndProject
Project("{FAE04EC0-301F-11D3-BF4B-00C04F79EFBC}") = "Forms.iOS", "Forms\Forms.iOS\Forms.iOS.csproj", "{CF9C98C2-6C4C-4897-AA6F-B210ED402E08}"
EndProject
Project("{FAE04EC0-301F-11D3-BF4B-00C04F79EFBC}") = "Forms.Android", "Forms\Forms.Android\Forms.Android.csproj", "{4E41C0E7-03E1-4952-8BF4-13323ADEEF99}"
EndProject
Project("{FAE04EC0-301F-11D3-BF4B-00C04F79EFBC}") = "Forms.WinPhone", "Forms\Forms.WinPhone\Forms.WinPhone.csproj", "{51077304-A917-4158-8615-29A20AB981FB}"
EndProject
Project("{FAE04EC0-301F-11D3-BF4B-00C04F79EFBC}") = "MvvmCross.Core", "MvvmCross.Core\MvvmCross.Core.csproj", "{747706F4-ECBF-4D50-8D72-B0DDCC18395C}"
EndProject
Project("{FAE04EC0-301F-11D3-BF4B-00C04F79EFBC}") = "MvvmCross.Wp", "MvvmCross.Wp\MvvmCross.Wp.csproj", "{20C82258-D3E4-429A-AEE9-51DD6317BC90}"
EndProject
Project("{FAE04EC0-301F-11D3-BF4B-00C04F79EFBC}") = "MvvmLightWin81", "MvvmLightWin81\MvvmLightWin81.csproj", "{75CCCE90-11AA-405D-A128-FEA952708D15}"
EndProject
Global
	GlobalSection(SharedMSBuildProjectFiles) = preSolution
		UniversalWithXamarin\UniversalWithXamarin.Shared\UniversalWithXamarin.Shared.projitems*{d50c5edc-1c29-443f-a26a-302e3f7acc76}*SharedItemsImports = 4
		UniversalWithXamarin\UniversalWithXamarin.Shared\UniversalWithXamarin.Shared.projitems*{1ffe966b-1ce5-4e36-9f54-31d0d36a3d49}*SharedItemsImports = 13
		UniversalWithXamarin\UniversalWithXamarin.Shared\UniversalWithXamarin.Shared.projitems*{ebe27477-97cb-4394-bc1f-15ed7140c79f}*SharedItemsImports = 4
	EndGlobalSection
	GlobalSection(SolutionConfigurationPlatforms) = preSolution
		Ad-Hoc|Any CPU = Ad-Hoc|Any CPU
		Ad-Hoc|ARM = Ad-Hoc|ARM
		Ad-Hoc|iPhone = Ad-Hoc|iPhone
		Ad-Hoc|iPhoneSimulator = Ad-Hoc|iPhoneSimulator
		Ad-Hoc|Mixed Platforms = Ad-Hoc|Mixed Platforms
		Ad-Hoc|x64 = Ad-Hoc|x64
		Ad-Hoc|x86 = Ad-Hoc|x86
		AppStore|Any CPU = AppStore|Any CPU
		AppStore|ARM = AppStore|ARM
		AppStore|iPhone = AppStore|iPhone
		AppStore|iPhoneSimulator = AppStore|iPhoneSimulator
		AppStore|Mixed Platforms = AppStore|Mixed Platforms
		AppStore|x64 = AppStore|x64
		AppStore|x86 = AppStore|x86
		Debug|Any CPU = Debug|Any CPU
		Debug|ARM = Debug|ARM
		Debug|iPhone = Debug|iPhone
		Debug|iPhoneSimulator = Debug|iPhoneSimulator
		Debug|Mixed Platforms = Debug|Mixed Platforms
		Debug|x64 = Debug|x64
		Debug|x86 = Debug|x86
		Release|Any CPU = Release|Any CPU
		Release|ARM = Release|ARM
		Release|iPhone = Release|iPhone
		Release|iPhoneSimulator = Release|iPhoneSimulator
		Release|Mixed Platforms = Release|Mixed Platforms
		Release|x64 = Release|x64
		Release|x86 = Release|x86
	EndGlobalSection
	GlobalSection(ProjectConfigurationPlatforms) = postSolution
		{D50C5EDC-1C29-443F-A26A-302E3F7ACC76}.Ad-Hoc|Any CPU.ActiveCfg = Release|Any CPU
		{D50C5EDC-1C29-443F-A26A-302E3F7ACC76}.Ad-Hoc|Any CPU.Build.0 = Release|Any CPU
		{D50C5EDC-1C29-443F-A26A-302E3F7ACC76}.Ad-Hoc|Any CPU.Deploy.0 = Release|Any CPU
		{D50C5EDC-1C29-443F-A26A-302E3F7ACC76}.Ad-Hoc|ARM.ActiveCfg = Release|ARM
		{D50C5EDC-1C29-443F-A26A-302E3F7ACC76}.Ad-Hoc|ARM.Build.0 = Release|ARM
		{D50C5EDC-1C29-443F-A26A-302E3F7ACC76}.Ad-Hoc|ARM.Deploy.0 = Release|ARM
		{D50C5EDC-1C29-443F-A26A-302E3F7ACC76}.Ad-Hoc|iPhone.ActiveCfg = Release|Any CPU
		{D50C5EDC-1C29-443F-A26A-302E3F7ACC76}.Ad-Hoc|iPhoneSimulator.ActiveCfg = Release|Any CPU
		{D50C5EDC-1C29-443F-A26A-302E3F7ACC76}.Ad-Hoc|Mixed Platforms.ActiveCfg = Release|x86
		{D50C5EDC-1C29-443F-A26A-302E3F7ACC76}.Ad-Hoc|Mixed Platforms.Build.0 = Release|x86
		{D50C5EDC-1C29-443F-A26A-302E3F7ACC76}.Ad-Hoc|Mixed Platforms.Deploy.0 = Release|x86
		{D50C5EDC-1C29-443F-A26A-302E3F7ACC76}.Ad-Hoc|x64.ActiveCfg = Release|x64
		{D50C5EDC-1C29-443F-A26A-302E3F7ACC76}.Ad-Hoc|x64.Build.0 = Release|x64
		{D50C5EDC-1C29-443F-A26A-302E3F7ACC76}.Ad-Hoc|x64.Deploy.0 = Release|x64
		{D50C5EDC-1C29-443F-A26A-302E3F7ACC76}.Ad-Hoc|x86.ActiveCfg = Release|x86
		{D50C5EDC-1C29-443F-A26A-302E3F7ACC76}.Ad-Hoc|x86.Build.0 = Release|x86
		{D50C5EDC-1C29-443F-A26A-302E3F7ACC76}.Ad-Hoc|x86.Deploy.0 = Release|x86
		{D50C5EDC-1C29-443F-A26A-302E3F7ACC76}.AppStore|Any CPU.ActiveCfg = Release|Any CPU
		{D50C5EDC-1C29-443F-A26A-302E3F7ACC76}.AppStore|Any CPU.Build.0 = Release|Any CPU
		{D50C5EDC-1C29-443F-A26A-302E3F7ACC76}.AppStore|Any CPU.Deploy.0 = Release|Any CPU
		{D50C5EDC-1C29-443F-A26A-302E3F7ACC76}.AppStore|ARM.ActiveCfg = Release|ARM
		{D50C5EDC-1C29-443F-A26A-302E3F7ACC76}.AppStore|ARM.Build.0 = Release|ARM
		{D50C5EDC-1C29-443F-A26A-302E3F7ACC76}.AppStore|ARM.Deploy.0 = Release|ARM
		{D50C5EDC-1C29-443F-A26A-302E3F7ACC76}.AppStore|iPhone.ActiveCfg = Release|Any CPU
		{D50C5EDC-1C29-443F-A26A-302E3F7ACC76}.AppStore|iPhoneSimulator.ActiveCfg = Release|Any CPU
		{D50C5EDC-1C29-443F-A26A-302E3F7ACC76}.AppStore|Mixed Platforms.ActiveCfg = Release|x86
		{D50C5EDC-1C29-443F-A26A-302E3F7ACC76}.AppStore|Mixed Platforms.Build.0 = Release|x86
		{D50C5EDC-1C29-443F-A26A-302E3F7ACC76}.AppStore|Mixed Platforms.Deploy.0 = Release|x86
		{D50C5EDC-1C29-443F-A26A-302E3F7ACC76}.AppStore|x64.ActiveCfg = Release|x64
		{D50C5EDC-1C29-443F-A26A-302E3F7ACC76}.AppStore|x64.Build.0 = Release|x64
		{D50C5EDC-1C29-443F-A26A-302E3F7ACC76}.AppStore|x64.Deploy.0 = Release|x64
		{D50C5EDC-1C29-443F-A26A-302E3F7ACC76}.AppStore|x86.ActiveCfg = Release|x86
		{D50C5EDC-1C29-443F-A26A-302E3F7ACC76}.AppStore|x86.Build.0 = Release|x86
		{D50C5EDC-1C29-443F-A26A-302E3F7ACC76}.AppStore|x86.Deploy.0 = Release|x86
		{D50C5EDC-1C29-443F-A26A-302E3F7ACC76}.Debug|Any CPU.ActiveCfg = Debug|Any CPU
		{D50C5EDC-1C29-443F-A26A-302E3F7ACC76}.Debug|Any CPU.Build.0 = Debug|Any CPU
		{D50C5EDC-1C29-443F-A26A-302E3F7ACC76}.Debug|Any CPU.Deploy.0 = Debug|Any CPU
		{D50C5EDC-1C29-443F-A26A-302E3F7ACC76}.Debug|ARM.ActiveCfg = Debug|ARM
		{D50C5EDC-1C29-443F-A26A-302E3F7ACC76}.Debug|ARM.Build.0 = Debug|ARM
		{D50C5EDC-1C29-443F-A26A-302E3F7ACC76}.Debug|ARM.Deploy.0 = Debug|ARM
		{D50C5EDC-1C29-443F-A26A-302E3F7ACC76}.Debug|iPhone.ActiveCfg = Debug|Any CPU
		{D50C5EDC-1C29-443F-A26A-302E3F7ACC76}.Debug|iPhoneSimulator.ActiveCfg = Debug|Any CPU
		{D50C5EDC-1C29-443F-A26A-302E3F7ACC76}.Debug|Mixed Platforms.ActiveCfg = Debug|x86
		{D50C5EDC-1C29-443F-A26A-302E3F7ACC76}.Debug|Mixed Platforms.Build.0 = Debug|x86
		{D50C5EDC-1C29-443F-A26A-302E3F7ACC76}.Debug|Mixed Platforms.Deploy.0 = Debug|x86
		{D50C5EDC-1C29-443F-A26A-302E3F7ACC76}.Debug|x64.ActiveCfg = Debug|x64
		{D50C5EDC-1C29-443F-A26A-302E3F7ACC76}.Debug|x64.Build.0 = Debug|x64
		{D50C5EDC-1C29-443F-A26A-302E3F7ACC76}.Debug|x64.Deploy.0 = Debug|x64
		{D50C5EDC-1C29-443F-A26A-302E3F7ACC76}.Debug|x86.ActiveCfg = Debug|x86
		{D50C5EDC-1C29-443F-A26A-302E3F7ACC76}.Debug|x86.Build.0 = Debug|x86
		{D50C5EDC-1C29-443F-A26A-302E3F7ACC76}.Debug|x86.Deploy.0 = Debug|x86
		{D50C5EDC-1C29-443F-A26A-302E3F7ACC76}.Release|Any CPU.ActiveCfg = Release|Any CPU
		{D50C5EDC-1C29-443F-A26A-302E3F7ACC76}.Release|Any CPU.Build.0 = Release|Any CPU
		{D50C5EDC-1C29-443F-A26A-302E3F7ACC76}.Release|Any CPU.Deploy.0 = Release|Any CPU
		{D50C5EDC-1C29-443F-A26A-302E3F7ACC76}.Release|ARM.ActiveCfg = Release|ARM
		{D50C5EDC-1C29-443F-A26A-302E3F7ACC76}.Release|ARM.Build.0 = Release|ARM
		{D50C5EDC-1C29-443F-A26A-302E3F7ACC76}.Release|ARM.Deploy.0 = Release|ARM
		{D50C5EDC-1C29-443F-A26A-302E3F7ACC76}.Release|iPhone.ActiveCfg = Release|Any CPU
		{D50C5EDC-1C29-443F-A26A-302E3F7ACC76}.Release|iPhoneSimulator.ActiveCfg = Release|Any CPU
		{D50C5EDC-1C29-443F-A26A-302E3F7ACC76}.Release|Mixed Platforms.ActiveCfg = Release|x86
		{D50C5EDC-1C29-443F-A26A-302E3F7ACC76}.Release|Mixed Platforms.Build.0 = Release|x86
		{D50C5EDC-1C29-443F-A26A-302E3F7ACC76}.Release|Mixed Platforms.Deploy.0 = Release|x86
		{D50C5EDC-1C29-443F-A26A-302E3F7ACC76}.Release|x64.ActiveCfg = Release|x64
		{D50C5EDC-1C29-443F-A26A-302E3F7ACC76}.Release|x64.Build.0 = Release|x64
		{D50C5EDC-1C29-443F-A26A-302E3F7ACC76}.Release|x64.Deploy.0 = Release|x64
		{D50C5EDC-1C29-443F-A26A-302E3F7ACC76}.Release|x86.ActiveCfg = Release|x86
		{D50C5EDC-1C29-443F-A26A-302E3F7ACC76}.Release|x86.Build.0 = Release|x86
		{D50C5EDC-1C29-443F-A26A-302E3F7ACC76}.Release|x86.Deploy.0 = Release|x86
		{EBE27477-97CB-4394-BC1F-15ED7140C79F}.Ad-Hoc|Any CPU.ActiveCfg = Release|Any CPU
		{EBE27477-97CB-4394-BC1F-15ED7140C79F}.Ad-Hoc|Any CPU.Build.0 = Release|Any CPU
		{EBE27477-97CB-4394-BC1F-15ED7140C79F}.Ad-Hoc|Any CPU.Deploy.0 = Release|Any CPU
		{EBE27477-97CB-4394-BC1F-15ED7140C79F}.Ad-Hoc|ARM.ActiveCfg = Release|ARM
		{EBE27477-97CB-4394-BC1F-15ED7140C79F}.Ad-Hoc|ARM.Build.0 = Release|ARM
		{EBE27477-97CB-4394-BC1F-15ED7140C79F}.Ad-Hoc|ARM.Deploy.0 = Release|ARM
		{EBE27477-97CB-4394-BC1F-15ED7140C79F}.Ad-Hoc|iPhone.ActiveCfg = Release|Any CPU
		{EBE27477-97CB-4394-BC1F-15ED7140C79F}.Ad-Hoc|iPhoneSimulator.ActiveCfg = Release|Any CPU
		{EBE27477-97CB-4394-BC1F-15ED7140C79F}.Ad-Hoc|Mixed Platforms.ActiveCfg = Release|x86
		{EBE27477-97CB-4394-BC1F-15ED7140C79F}.Ad-Hoc|Mixed Platforms.Build.0 = Release|x86
		{EBE27477-97CB-4394-BC1F-15ED7140C79F}.Ad-Hoc|Mixed Platforms.Deploy.0 = Release|x86
		{EBE27477-97CB-4394-BC1F-15ED7140C79F}.Ad-Hoc|x64.ActiveCfg = Release|Any CPU
		{EBE27477-97CB-4394-BC1F-15ED7140C79F}.Ad-Hoc|x86.ActiveCfg = Release|x86
		{EBE27477-97CB-4394-BC1F-15ED7140C79F}.Ad-Hoc|x86.Build.0 = Release|x86
		{EBE27477-97CB-4394-BC1F-15ED7140C79F}.Ad-Hoc|x86.Deploy.0 = Release|x86
		{EBE27477-97CB-4394-BC1F-15ED7140C79F}.AppStore|Any CPU.ActiveCfg = Release|Any CPU
		{EBE27477-97CB-4394-BC1F-15ED7140C79F}.AppStore|Any CPU.Build.0 = Release|Any CPU
		{EBE27477-97CB-4394-BC1F-15ED7140C79F}.AppStore|Any CPU.Deploy.0 = Release|Any CPU
		{EBE27477-97CB-4394-BC1F-15ED7140C79F}.AppStore|ARM.ActiveCfg = Release|ARM
		{EBE27477-97CB-4394-BC1F-15ED7140C79F}.AppStore|ARM.Build.0 = Release|ARM
		{EBE27477-97CB-4394-BC1F-15ED7140C79F}.AppStore|ARM.Deploy.0 = Release|ARM
		{EBE27477-97CB-4394-BC1F-15ED7140C79F}.AppStore|iPhone.ActiveCfg = Release|Any CPU
		{EBE27477-97CB-4394-BC1F-15ED7140C79F}.AppStore|iPhoneSimulator.ActiveCfg = Release|Any CPU
		{EBE27477-97CB-4394-BC1F-15ED7140C79F}.AppStore|Mixed Platforms.ActiveCfg = Release|x86
		{EBE27477-97CB-4394-BC1F-15ED7140C79F}.AppStore|Mixed Platforms.Build.0 = Release|x86
		{EBE27477-97CB-4394-BC1F-15ED7140C79F}.AppStore|Mixed Platforms.Deploy.0 = Release|x86
		{EBE27477-97CB-4394-BC1F-15ED7140C79F}.AppStore|x64.ActiveCfg = Release|Any CPU
		{EBE27477-97CB-4394-BC1F-15ED7140C79F}.AppStore|x86.ActiveCfg = Release|x86
		{EBE27477-97CB-4394-BC1F-15ED7140C79F}.AppStore|x86.Build.0 = Release|x86
		{EBE27477-97CB-4394-BC1F-15ED7140C79F}.AppStore|x86.Deploy.0 = Release|x86
		{EBE27477-97CB-4394-BC1F-15ED7140C79F}.Debug|Any CPU.ActiveCfg = Debug|Any CPU
		{EBE27477-97CB-4394-BC1F-15ED7140C79F}.Debug|Any CPU.Build.0 = Debug|Any CPU
		{EBE27477-97CB-4394-BC1F-15ED7140C79F}.Debug|Any CPU.Deploy.0 = Debug|Any CPU
		{EBE27477-97CB-4394-BC1F-15ED7140C79F}.Debug|ARM.ActiveCfg = Debug|ARM
		{EBE27477-97CB-4394-BC1F-15ED7140C79F}.Debug|ARM.Build.0 = Debug|ARM
		{EBE27477-97CB-4394-BC1F-15ED7140C79F}.Debug|ARM.Deploy.0 = Debug|ARM
		{EBE27477-97CB-4394-BC1F-15ED7140C79F}.Debug|iPhone.ActiveCfg = Debug|Any CPU
		{EBE27477-97CB-4394-BC1F-15ED7140C79F}.Debug|iPhoneSimulator.ActiveCfg = Debug|Any CPU
		{EBE27477-97CB-4394-BC1F-15ED7140C79F}.Debug|Mixed Platforms.ActiveCfg = Debug|x86
		{EBE27477-97CB-4394-BC1F-15ED7140C79F}.Debug|Mixed Platforms.Build.0 = Debug|x86
		{EBE27477-97CB-4394-BC1F-15ED7140C79F}.Debug|Mixed Platforms.Deploy.0 = Debug|x86
		{EBE27477-97CB-4394-BC1F-15ED7140C79F}.Debug|x64.ActiveCfg = Debug|Any CPU
		{EBE27477-97CB-4394-BC1F-15ED7140C79F}.Debug|x86.ActiveCfg = Debug|x86
		{EBE27477-97CB-4394-BC1F-15ED7140C79F}.Debug|x86.Build.0 = Debug|x86
		{EBE27477-97CB-4394-BC1F-15ED7140C79F}.Debug|x86.Deploy.0 = Debug|x86
		{EBE27477-97CB-4394-BC1F-15ED7140C79F}.Release|Any CPU.ActiveCfg = Release|Any CPU
		{EBE27477-97CB-4394-BC1F-15ED7140C79F}.Release|Any CPU.Build.0 = Release|Any CPU
		{EBE27477-97CB-4394-BC1F-15ED7140C79F}.Release|Any CPU.Deploy.0 = Release|Any CPU
		{EBE27477-97CB-4394-BC1F-15ED7140C79F}.Release|ARM.ActiveCfg = Release|ARM
		{EBE27477-97CB-4394-BC1F-15ED7140C79F}.Release|ARM.Build.0 = Release|ARM
		{EBE27477-97CB-4394-BC1F-15ED7140C79F}.Release|ARM.Deploy.0 = Release|ARM
		{EBE27477-97CB-4394-BC1F-15ED7140C79F}.Release|iPhone.ActiveCfg = Release|Any CPU
		{EBE27477-97CB-4394-BC1F-15ED7140C79F}.Release|iPhoneSimulator.ActiveCfg = Release|Any CPU
		{EBE27477-97CB-4394-BC1F-15ED7140C79F}.Release|Mixed Platforms.ActiveCfg = Release|x86
		{EBE27477-97CB-4394-BC1F-15ED7140C79F}.Release|Mixed Platforms.Build.0 = Release|x86
		{EBE27477-97CB-4394-BC1F-15ED7140C79F}.Release|Mixed Platforms.Deploy.0 = Release|x86
		{EBE27477-97CB-4394-BC1F-15ED7140C79F}.Release|x64.ActiveCfg = Release|Any CPU
		{EBE27477-97CB-4394-BC1F-15ED7140C79F}.Release|x86.ActiveCfg = Release|x86
		{EBE27477-97CB-4394-BC1F-15ED7140C79F}.Release|x86.Build.0 = Release|x86
		{EBE27477-97CB-4394-BC1F-15ED7140C79F}.Release|x86.Deploy.0 = Release|x86
		{FA794C59-088A-4E0C-800F-598FC9E102E7}.Ad-Hoc|Any CPU.ActiveCfg = Release|Any CPU
		{FA794C59-088A-4E0C-800F-598FC9E102E7}.Ad-Hoc|Any CPU.Build.0 = Release|Any CPU
		{FA794C59-088A-4E0C-800F-598FC9E102E7}.Ad-Hoc|ARM.ActiveCfg = Release|Any CPU
		{FA794C59-088A-4E0C-800F-598FC9E102E7}.Ad-Hoc|iPhone.ActiveCfg = Release|Any CPU
		{FA794C59-088A-4E0C-800F-598FC9E102E7}.Ad-Hoc|iPhoneSimulator.ActiveCfg = Release|Any CPU
		{FA794C59-088A-4E0C-800F-598FC9E102E7}.Ad-Hoc|Mixed Platforms.ActiveCfg = Release|Any CPU
		{FA794C59-088A-4E0C-800F-598FC9E102E7}.Ad-Hoc|Mixed Platforms.Build.0 = Release|Any CPU
		{FA794C59-088A-4E0C-800F-598FC9E102E7}.Ad-Hoc|x64.ActiveCfg = Release|Any CPU
		{FA794C59-088A-4E0C-800F-598FC9E102E7}.Ad-Hoc|x86.ActiveCfg = Release|Any CPU
		{FA794C59-088A-4E0C-800F-598FC9E102E7}.AppStore|Any CPU.ActiveCfg = Release|Any CPU
		{FA794C59-088A-4E0C-800F-598FC9E102E7}.AppStore|Any CPU.Build.0 = Release|Any CPU
		{FA794C59-088A-4E0C-800F-598FC9E102E7}.AppStore|ARM.ActiveCfg = Release|Any CPU
		{FA794C59-088A-4E0C-800F-598FC9E102E7}.AppStore|iPhone.ActiveCfg = Release|Any CPU
		{FA794C59-088A-4E0C-800F-598FC9E102E7}.AppStore|iPhoneSimulator.ActiveCfg = Release|Any CPU
		{FA794C59-088A-4E0C-800F-598FC9E102E7}.AppStore|Mixed Platforms.ActiveCfg = Release|Any CPU
		{FA794C59-088A-4E0C-800F-598FC9E102E7}.AppStore|Mixed Platforms.Build.0 = Release|Any CPU
		{FA794C59-088A-4E0C-800F-598FC9E102E7}.AppStore|x64.ActiveCfg = Release|Any CPU
		{FA794C59-088A-4E0C-800F-598FC9E102E7}.AppStore|x86.ActiveCfg = Release|Any CPU
		{FA794C59-088A-4E0C-800F-598FC9E102E7}.Debug|Any CPU.ActiveCfg = Debug|Any CPU
		{FA794C59-088A-4E0C-800F-598FC9E102E7}.Debug|Any CPU.Build.0 = Debug|Any CPU
		{FA794C59-088A-4E0C-800F-598FC9E102E7}.Debug|ARM.ActiveCfg = Debug|Any CPU
		{FA794C59-088A-4E0C-800F-598FC9E102E7}.Debug|iPhone.ActiveCfg = Debug|Any CPU
		{FA794C59-088A-4E0C-800F-598FC9E102E7}.Debug|iPhoneSimulator.ActiveCfg = Debug|Any CPU
		{FA794C59-088A-4E0C-800F-598FC9E102E7}.Debug|Mixed Platforms.ActiveCfg = Debug|Any CPU
		{FA794C59-088A-4E0C-800F-598FC9E102E7}.Debug|Mixed Platforms.Build.0 = Debug|Any CPU
		{FA794C59-088A-4E0C-800F-598FC9E102E7}.Debug|x64.ActiveCfg = Debug|Any CPU
		{FA794C59-088A-4E0C-800F-598FC9E102E7}.Debug|x86.ActiveCfg = Debug|Any CPU
		{FA794C59-088A-4E0C-800F-598FC9E102E7}.Release|Any CPU.ActiveCfg = Release|Any CPU
		{FA794C59-088A-4E0C-800F-598FC9E102E7}.Release|Any CPU.Build.0 = Release|Any CPU
		{FA794C59-088A-4E0C-800F-598FC9E102E7}.Release|ARM.ActiveCfg = Release|Any CPU
		{FA794C59-088A-4E0C-800F-598FC9E102E7}.Release|iPhone.ActiveCfg = Release|Any CPU
		{FA794C59-088A-4E0C-800F-598FC9E102E7}.Release|iPhoneSimulator.ActiveCfg = Release|Any CPU
		{FA794C59-088A-4E0C-800F-598FC9E102E7}.Release|Mixed Platforms.ActiveCfg = Release|Any CPU
		{FA794C59-088A-4E0C-800F-598FC9E102E7}.Release|Mixed Platforms.Build.0 = Release|Any CPU
		{FA794C59-088A-4E0C-800F-598FC9E102E7}.Release|x64.ActiveCfg = Release|Any CPU
		{FA794C59-088A-4E0C-800F-598FC9E102E7}.Release|x86.ActiveCfg = Release|Any CPU
		{B9DC63C3-C886-407C-8E6A-6BCD8EAF944C}.Ad-Hoc|Any CPU.ActiveCfg = Release|Any CPU
		{B9DC63C3-C886-407C-8E6A-6BCD8EAF944C}.Ad-Hoc|Any CPU.Build.0 = Release|Any CPU
		{B9DC63C3-C886-407C-8E6A-6BCD8EAF944C}.Ad-Hoc|Any CPU.Deploy.0 = Release|Any CPU
		{B9DC63C3-C886-407C-8E6A-6BCD8EAF944C}.Ad-Hoc|ARM.ActiveCfg = Release|Any CPU
		{B9DC63C3-C886-407C-8E6A-6BCD8EAF944C}.Ad-Hoc|iPhone.ActiveCfg = Release|Any CPU
		{B9DC63C3-C886-407C-8E6A-6BCD8EAF944C}.Ad-Hoc|iPhoneSimulator.ActiveCfg = Release|Any CPU
		{B9DC63C3-C886-407C-8E6A-6BCD8EAF944C}.Ad-Hoc|Mixed Platforms.ActiveCfg = Release|Any CPU
		{B9DC63C3-C886-407C-8E6A-6BCD8EAF944C}.Ad-Hoc|Mixed Platforms.Build.0 = Release|Any CPU
		{B9DC63C3-C886-407C-8E6A-6BCD8EAF944C}.Ad-Hoc|Mixed Platforms.Deploy.0 = Release|Any CPU
		{B9DC63C3-C886-407C-8E6A-6BCD8EAF944C}.Ad-Hoc|x64.ActiveCfg = Release|Any CPU
		{B9DC63C3-C886-407C-8E6A-6BCD8EAF944C}.Ad-Hoc|x86.ActiveCfg = Release|Any CPU
		{B9DC63C3-C886-407C-8E6A-6BCD8EAF944C}.AppStore|Any CPU.ActiveCfg = Release|Any CPU
		{B9DC63C3-C886-407C-8E6A-6BCD8EAF944C}.AppStore|Any CPU.Build.0 = Release|Any CPU
		{B9DC63C3-C886-407C-8E6A-6BCD8EAF944C}.AppStore|Any CPU.Deploy.0 = Release|Any CPU
		{B9DC63C3-C886-407C-8E6A-6BCD8EAF944C}.AppStore|ARM.ActiveCfg = Release|Any CPU
		{B9DC63C3-C886-407C-8E6A-6BCD8EAF944C}.AppStore|iPhone.ActiveCfg = Release|Any CPU
		{B9DC63C3-C886-407C-8E6A-6BCD8EAF944C}.AppStore|iPhoneSimulator.ActiveCfg = Release|Any CPU
		{B9DC63C3-C886-407C-8E6A-6BCD8EAF944C}.AppStore|Mixed Platforms.ActiveCfg = Release|Any CPU
		{B9DC63C3-C886-407C-8E6A-6BCD8EAF944C}.AppStore|Mixed Platforms.Build.0 = Release|Any CPU
		{B9DC63C3-C886-407C-8E6A-6BCD8EAF944C}.AppStore|Mixed Platforms.Deploy.0 = Release|Any CPU
		{B9DC63C3-C886-407C-8E6A-6BCD8EAF944C}.AppStore|x64.ActiveCfg = Release|Any CPU
		{B9DC63C3-C886-407C-8E6A-6BCD8EAF944C}.AppStore|x86.ActiveCfg = Release|Any CPU
		{B9DC63C3-C886-407C-8E6A-6BCD8EAF944C}.Debug|Any CPU.ActiveCfg = Debug|Any CPU
		{B9DC63C3-C886-407C-8E6A-6BCD8EAF944C}.Debug|Any CPU.Build.0 = Debug|Any CPU
		{B9DC63C3-C886-407C-8E6A-6BCD8EAF944C}.Debug|Any CPU.Deploy.0 = Debug|Any CPU
		{B9DC63C3-C886-407C-8E6A-6BCD8EAF944C}.Debug|ARM.ActiveCfg = Debug|Any CPU
		{B9DC63C3-C886-407C-8E6A-6BCD8EAF944C}.Debug|iPhone.ActiveCfg = Debug|Any CPU
		{B9DC63C3-C886-407C-8E6A-6BCD8EAF944C}.Debug|iPhoneSimulator.ActiveCfg = Debug|Any CPU
		{B9DC63C3-C886-407C-8E6A-6BCD8EAF944C}.Debug|Mixed Platforms.ActiveCfg = Debug|Any CPU
		{B9DC63C3-C886-407C-8E6A-6BCD8EAF944C}.Debug|Mixed Platforms.Build.0 = Debug|Any CPU
		{B9DC63C3-C886-407C-8E6A-6BCD8EAF944C}.Debug|Mixed Platforms.Deploy.0 = Debug|Any CPU
		{B9DC63C3-C886-407C-8E6A-6BCD8EAF944C}.Debug|x64.ActiveCfg = Debug|Any CPU
		{B9DC63C3-C886-407C-8E6A-6BCD8EAF944C}.Debug|x86.ActiveCfg = Debug|Any CPU
		{B9DC63C3-C886-407C-8E6A-6BCD8EAF944C}.Release|Any CPU.ActiveCfg = Release|Any CPU
		{B9DC63C3-C886-407C-8E6A-6BCD8EAF944C}.Release|Any CPU.Build.0 = Release|Any CPU
		{B9DC63C3-C886-407C-8E6A-6BCD8EAF944C}.Release|Any CPU.Deploy.0 = Release|Any CPU
		{B9DC63C3-C886-407C-8E6A-6BCD8EAF944C}.Release|ARM.ActiveCfg = Release|Any CPU
		{B9DC63C3-C886-407C-8E6A-6BCD8EAF944C}.Release|iPhone.ActiveCfg = Release|Any CPU
		{B9DC63C3-C886-407C-8E6A-6BCD8EAF944C}.Release|iPhoneSimulator.ActiveCfg = Release|Any CPU
		{B9DC63C3-C886-407C-8E6A-6BCD8EAF944C}.Release|Mixed Platforms.ActiveCfg = Release|Any CPU
		{B9DC63C3-C886-407C-8E6A-6BCD8EAF944C}.Release|Mixed Platforms.Build.0 = Release|Any CPU
		{B9DC63C3-C886-407C-8E6A-6BCD8EAF944C}.Release|Mixed Platforms.Deploy.0 = Release|Any CPU
		{B9DC63C3-C886-407C-8E6A-6BCD8EAF944C}.Release|x64.ActiveCfg = Release|Any CPU
		{B9DC63C3-C886-407C-8E6A-6BCD8EAF944C}.Release|x86.ActiveCfg = Release|Any CPU
		{56231060-FFDD-4AE3-95F3-6FF0B8E64177}.Ad-Hoc|Any CPU.ActiveCfg = Release|Any CPU
		{56231060-FFDD-4AE3-95F3-6FF0B8E64177}.Ad-Hoc|Any CPU.Build.0 = Release|Any CPU
		{56231060-FFDD-4AE3-95F3-6FF0B8E64177}.Ad-Hoc|ARM.ActiveCfg = Release|Any CPU
		{56231060-FFDD-4AE3-95F3-6FF0B8E64177}.Ad-Hoc|iPhone.ActiveCfg = Release|Any CPU
		{56231060-FFDD-4AE3-95F3-6FF0B8E64177}.Ad-Hoc|iPhoneSimulator.ActiveCfg = Release|Any CPU
		{56231060-FFDD-4AE3-95F3-6FF0B8E64177}.Ad-Hoc|Mixed Platforms.ActiveCfg = Release|Any CPU
		{56231060-FFDD-4AE3-95F3-6FF0B8E64177}.Ad-Hoc|Mixed Platforms.Build.0 = Release|Any CPU
		{56231060-FFDD-4AE3-95F3-6FF0B8E64177}.Ad-Hoc|x64.ActiveCfg = Release|Any CPU
		{56231060-FFDD-4AE3-95F3-6FF0B8E64177}.Ad-Hoc|x86.ActiveCfg = Release|Any CPU
		{56231060-FFDD-4AE3-95F3-6FF0B8E64177}.AppStore|Any CPU.ActiveCfg = Release|Any CPU
		{56231060-FFDD-4AE3-95F3-6FF0B8E64177}.AppStore|Any CPU.Build.0 = Release|Any CPU
		{56231060-FFDD-4AE3-95F3-6FF0B8E64177}.AppStore|ARM.ActiveCfg = Release|Any CPU
		{56231060-FFDD-4AE3-95F3-6FF0B8E64177}.AppStore|iPhone.ActiveCfg = Release|Any CPU
		{56231060-FFDD-4AE3-95F3-6FF0B8E64177}.AppStore|iPhoneSimulator.ActiveCfg = Release|Any CPU
		{56231060-FFDD-4AE3-95F3-6FF0B8E64177}.AppStore|Mixed Platforms.ActiveCfg = Release|Any CPU
		{56231060-FFDD-4AE3-95F3-6FF0B8E64177}.AppStore|Mixed Platforms.Build.0 = Release|Any CPU
		{56231060-FFDD-4AE3-95F3-6FF0B8E64177}.AppStore|x64.ActiveCfg = Release|Any CPU
		{56231060-FFDD-4AE3-95F3-6FF0B8E64177}.AppStore|x86.ActiveCfg = Release|Any CPU
		{56231060-FFDD-4AE3-95F3-6FF0B8E64177}.Debug|Any CPU.ActiveCfg = Debug|Any CPU
		{56231060-FFDD-4AE3-95F3-6FF0B8E64177}.Debug|Any CPU.Build.0 = Debug|Any CPU
		{56231060-FFDD-4AE3-95F3-6FF0B8E64177}.Debug|ARM.ActiveCfg = Debug|Any CPU
		{56231060-FFDD-4AE3-95F3-6FF0B8E64177}.Debug|iPhone.ActiveCfg = Debug|Any CPU
		{56231060-FFDD-4AE3-95F3-6FF0B8E64177}.Debug|iPhoneSimulator.ActiveCfg = Debug|Any CPU
		{56231060-FFDD-4AE3-95F3-6FF0B8E64177}.Debug|Mixed Platforms.ActiveCfg = Debug|Any CPU
		{56231060-FFDD-4AE3-95F3-6FF0B8E64177}.Debug|Mixed Platforms.Build.0 = Debug|Any CPU
		{56231060-FFDD-4AE3-95F3-6FF0B8E64177}.Debug|x64.ActiveCfg = Debug|Any CPU
		{56231060-FFDD-4AE3-95F3-6FF0B8E64177}.Debug|x86.ActiveCfg = Debug|Any CPU
		{56231060-FFDD-4AE3-95F3-6FF0B8E64177}.Release|Any CPU.ActiveCfg = Release|Any CPU
		{56231060-FFDD-4AE3-95F3-6FF0B8E64177}.Release|Any CPU.Build.0 = Release|Any CPU
		{56231060-FFDD-4AE3-95F3-6FF0B8E64177}.Release|ARM.ActiveCfg = Release|Any CPU
		{56231060-FFDD-4AE3-95F3-6FF0B8E64177}.Release|iPhone.ActiveCfg = Release|Any CPU
		{56231060-FFDD-4AE3-95F3-6FF0B8E64177}.Release|iPhoneSimulator.ActiveCfg = Release|Any CPU
		{56231060-FFDD-4AE3-95F3-6FF0B8E64177}.Release|Mixed Platforms.ActiveCfg = Release|Any CPU
		{56231060-FFDD-4AE3-95F3-6FF0B8E64177}.Release|Mixed Platforms.Build.0 = Release|Any CPU
		{56231060-FFDD-4AE3-95F3-6FF0B8E64177}.Release|x64.ActiveCfg = Release|Any CPU
		{56231060-FFDD-4AE3-95F3-6FF0B8E64177}.Release|x86.ActiveCfg = Release|Any CPU
		{CF9C98C2-6C4C-4897-AA6F-B210ED402E08}.Ad-Hoc|Any CPU.ActiveCfg = Ad-Hoc|iPhone
		{CF9C98C2-6C4C-4897-AA6F-B210ED402E08}.Ad-Hoc|ARM.ActiveCfg = Ad-Hoc|iPhone
		{CF9C98C2-6C4C-4897-AA6F-B210ED402E08}.Ad-Hoc|iPhone.ActiveCfg = Ad-Hoc|iPhone
		{CF9C98C2-6C4C-4897-AA6F-B210ED402E08}.Ad-Hoc|iPhone.Build.0 = Ad-Hoc|iPhone
		{CF9C98C2-6C4C-4897-AA6F-B210ED402E08}.Ad-Hoc|iPhoneSimulator.ActiveCfg = Ad-Hoc|iPhoneSimulator
		{CF9C98C2-6C4C-4897-AA6F-B210ED402E08}.Ad-Hoc|iPhoneSimulator.Build.0 = Ad-Hoc|iPhoneSimulator
		{CF9C98C2-6C4C-4897-AA6F-B210ED402E08}.Ad-Hoc|Mixed Platforms.ActiveCfg = Ad-Hoc|iPhone
		{CF9C98C2-6C4C-4897-AA6F-B210ED402E08}.Ad-Hoc|Mixed Platforms.Build.0 = Ad-Hoc|iPhone
		{CF9C98C2-6C4C-4897-AA6F-B210ED402E08}.Ad-Hoc|x64.ActiveCfg = Ad-Hoc|iPhone
		{CF9C98C2-6C4C-4897-AA6F-B210ED402E08}.Ad-Hoc|x86.ActiveCfg = Ad-Hoc|iPhone
		{CF9C98C2-6C4C-4897-AA6F-B210ED402E08}.AppStore|Any CPU.ActiveCfg = AppStore|iPhone
		{CF9C98C2-6C4C-4897-AA6F-B210ED402E08}.AppStore|ARM.ActiveCfg = AppStore|iPhone
		{CF9C98C2-6C4C-4897-AA6F-B210ED402E08}.AppStore|iPhone.ActiveCfg = AppStore|iPhone
		{CF9C98C2-6C4C-4897-AA6F-B210ED402E08}.AppStore|iPhone.Build.0 = AppStore|iPhone
		{CF9C98C2-6C4C-4897-AA6F-B210ED402E08}.AppStore|iPhoneSimulator.ActiveCfg = AppStore|iPhoneSimulator
		{CF9C98C2-6C4C-4897-AA6F-B210ED402E08}.AppStore|iPhoneSimulator.Build.0 = AppStore|iPhoneSimulator
		{CF9C98C2-6C4C-4897-AA6F-B210ED402E08}.AppStore|Mixed Platforms.ActiveCfg = AppStore|iPhone
		{CF9C98C2-6C4C-4897-AA6F-B210ED402E08}.AppStore|Mixed Platforms.Build.0 = AppStore|iPhone
		{CF9C98C2-6C4C-4897-AA6F-B210ED402E08}.AppStore|x64.ActiveCfg = AppStore|iPhone
		{CF9C98C2-6C4C-4897-AA6F-B210ED402E08}.AppStore|x86.ActiveCfg = AppStore|iPhone
		{CF9C98C2-6C4C-4897-AA6F-B210ED402E08}.Debug|Any CPU.ActiveCfg = Debug|iPhone
		{CF9C98C2-6C4C-4897-AA6F-B210ED402E08}.Debug|ARM.ActiveCfg = Debug|iPhone
		{CF9C98C2-6C4C-4897-AA6F-B210ED402E08}.Debug|iPhone.ActiveCfg = Debug|iPhone
		{CF9C98C2-6C4C-4897-AA6F-B210ED402E08}.Debug|iPhone.Build.0 = Debug|iPhone
		{CF9C98C2-6C4C-4897-AA6F-B210ED402E08}.Debug|iPhoneSimulator.ActiveCfg = Debug|iPhoneSimulator
		{CF9C98C2-6C4C-4897-AA6F-B210ED402E08}.Debug|iPhoneSimulator.Build.0 = Debug|iPhoneSimulator
		{CF9C98C2-6C4C-4897-AA6F-B210ED402E08}.Debug|Mixed Platforms.ActiveCfg = Debug|iPhone
		{CF9C98C2-6C4C-4897-AA6F-B210ED402E08}.Debug|Mixed Platforms.Build.0 = Debug|iPhone
		{CF9C98C2-6C4C-4897-AA6F-B210ED402E08}.Debug|x64.ActiveCfg = Debug|iPhone
		{CF9C98C2-6C4C-4897-AA6F-B210ED402E08}.Debug|x86.ActiveCfg = Debug|iPhone
		{CF9C98C2-6C4C-4897-AA6F-B210ED402E08}.Release|Any CPU.ActiveCfg = Release|iPhone
		{CF9C98C2-6C4C-4897-AA6F-B210ED402E08}.Release|ARM.ActiveCfg = Release|iPhone
		{CF9C98C2-6C4C-4897-AA6F-B210ED402E08}.Release|iPhone.ActiveCfg = Release|iPhone
		{CF9C98C2-6C4C-4897-AA6F-B210ED402E08}.Release|iPhone.Build.0 = Release|iPhone
		{CF9C98C2-6C4C-4897-AA6F-B210ED402E08}.Release|iPhoneSimulator.ActiveCfg = Release|iPhoneSimulator
		{CF9C98C2-6C4C-4897-AA6F-B210ED402E08}.Release|iPhoneSimulator.Build.0 = Release|iPhoneSimulator
		{CF9C98C2-6C4C-4897-AA6F-B210ED402E08}.Release|Mixed Platforms.ActiveCfg = Release|iPhone
		{CF9C98C2-6C4C-4897-AA6F-B210ED402E08}.Release|Mixed Platforms.Build.0 = Release|iPhone
		{CF9C98C2-6C4C-4897-AA6F-B210ED402E08}.Release|x64.ActiveCfg = Release|iPhone
		{CF9C98C2-6C4C-4897-AA6F-B210ED402E08}.Release|x86.ActiveCfg = Release|iPhone
		{4E41C0E7-03E1-4952-8BF4-13323ADEEF99}.Ad-Hoc|Any CPU.ActiveCfg = Release|Any CPU
		{4E41C0E7-03E1-4952-8BF4-13323ADEEF99}.Ad-Hoc|Any CPU.Build.0 = Release|Any CPU
		{4E41C0E7-03E1-4952-8BF4-13323ADEEF99}.Ad-Hoc|Any CPU.Deploy.0 = Release|Any CPU
		{4E41C0E7-03E1-4952-8BF4-13323ADEEF99}.Ad-Hoc|ARM.ActiveCfg = Release|Any CPU
		{4E41C0E7-03E1-4952-8BF4-13323ADEEF99}.Ad-Hoc|iPhone.ActiveCfg = Release|Any CPU
		{4E41C0E7-03E1-4952-8BF4-13323ADEEF99}.Ad-Hoc|iPhoneSimulator.ActiveCfg = Release|Any CPU
		{4E41C0E7-03E1-4952-8BF4-13323ADEEF99}.Ad-Hoc|Mixed Platforms.ActiveCfg = Release|Any CPU
		{4E41C0E7-03E1-4952-8BF4-13323ADEEF99}.Ad-Hoc|Mixed Platforms.Build.0 = Release|Any CPU
		{4E41C0E7-03E1-4952-8BF4-13323ADEEF99}.Ad-Hoc|Mixed Platforms.Deploy.0 = Release|Any CPU
		{4E41C0E7-03E1-4952-8BF4-13323ADEEF99}.Ad-Hoc|x64.ActiveCfg = Release|Any CPU
		{4E41C0E7-03E1-4952-8BF4-13323ADEEF99}.Ad-Hoc|x86.ActiveCfg = Release|Any CPU
		{4E41C0E7-03E1-4952-8BF4-13323ADEEF99}.AppStore|Any CPU.ActiveCfg = Release|Any CPU
		{4E41C0E7-03E1-4952-8BF4-13323ADEEF99}.AppStore|Any CPU.Build.0 = Release|Any CPU
		{4E41C0E7-03E1-4952-8BF4-13323ADEEF99}.AppStore|Any CPU.Deploy.0 = Release|Any CPU
		{4E41C0E7-03E1-4952-8BF4-13323ADEEF99}.AppStore|ARM.ActiveCfg = Release|Any CPU
		{4E41C0E7-03E1-4952-8BF4-13323ADEEF99}.AppStore|iPhone.ActiveCfg = Release|Any CPU
		{4E41C0E7-03E1-4952-8BF4-13323ADEEF99}.AppStore|iPhoneSimulator.ActiveCfg = Release|Any CPU
		{4E41C0E7-03E1-4952-8BF4-13323ADEEF99}.AppStore|Mixed Platforms.ActiveCfg = Release|Any CPU
		{4E41C0E7-03E1-4952-8BF4-13323ADEEF99}.AppStore|Mixed Platforms.Build.0 = Release|Any CPU
		{4E41C0E7-03E1-4952-8BF4-13323ADEEF99}.AppStore|Mixed Platforms.Deploy.0 = Release|Any CPU
		{4E41C0E7-03E1-4952-8BF4-13323ADEEF99}.AppStore|x64.ActiveCfg = Release|Any CPU
		{4E41C0E7-03E1-4952-8BF4-13323ADEEF99}.AppStore|x86.ActiveCfg = Release|Any CPU
		{4E41C0E7-03E1-4952-8BF4-13323ADEEF99}.Debug|Any CPU.ActiveCfg = Debug|Any CPU
		{4E41C0E7-03E1-4952-8BF4-13323ADEEF99}.Debug|Any CPU.Build.0 = Debug|Any CPU
		{4E41C0E7-03E1-4952-8BF4-13323ADEEF99}.Debug|Any CPU.Deploy.0 = Debug|Any CPU
		{4E41C0E7-03E1-4952-8BF4-13323ADEEF99}.Debug|ARM.ActiveCfg = Debug|Any CPU
		{4E41C0E7-03E1-4952-8BF4-13323ADEEF99}.Debug|iPhone.ActiveCfg = Debug|Any CPU
		{4E41C0E7-03E1-4952-8BF4-13323ADEEF99}.Debug|iPhoneSimulator.ActiveCfg = Debug|Any CPU
		{4E41C0E7-03E1-4952-8BF4-13323ADEEF99}.Debug|Mixed Platforms.ActiveCfg = Debug|Any CPU
		{4E41C0E7-03E1-4952-8BF4-13323ADEEF99}.Debug|Mixed Platforms.Build.0 = Debug|Any CPU
		{4E41C0E7-03E1-4952-8BF4-13323ADEEF99}.Debug|Mixed Platforms.Deploy.0 = Debug|Any CPU
		{4E41C0E7-03E1-4952-8BF4-13323ADEEF99}.Debug|x64.ActiveCfg = Debug|Any CPU
		{4E41C0E7-03E1-4952-8BF4-13323ADEEF99}.Debug|x86.ActiveCfg = Debug|Any CPU
		{4E41C0E7-03E1-4952-8BF4-13323ADEEF99}.Release|Any CPU.ActiveCfg = Release|Any CPU
		{4E41C0E7-03E1-4952-8BF4-13323ADEEF99}.Release|Any CPU.Build.0 = Release|Any CPU
		{4E41C0E7-03E1-4952-8BF4-13323ADEEF99}.Release|Any CPU.Deploy.0 = Release|Any CPU
		{4E41C0E7-03E1-4952-8BF4-13323ADEEF99}.Release|ARM.ActiveCfg = Release|Any CPU
		{4E41C0E7-03E1-4952-8BF4-13323ADEEF99}.Release|iPhone.ActiveCfg = Release|Any CPU
		{4E41C0E7-03E1-4952-8BF4-13323ADEEF99}.Release|iPhoneSimulator.ActiveCfg = Release|Any CPU
		{4E41C0E7-03E1-4952-8BF4-13323ADEEF99}.Release|Mixed Platforms.ActiveCfg = Release|Any CPU
		{4E41C0E7-03E1-4952-8BF4-13323ADEEF99}.Release|Mixed Platforms.Build.0 = Release|Any CPU
		{4E41C0E7-03E1-4952-8BF4-13323ADEEF99}.Release|Mixed Platforms.Deploy.0 = Release|Any CPU
		{4E41C0E7-03E1-4952-8BF4-13323ADEEF99}.Release|x64.ActiveCfg = Release|Any CPU
		{4E41C0E7-03E1-4952-8BF4-13323ADEEF99}.Release|x86.ActiveCfg = Release|Any CPU
		{51077304-A917-4158-8615-29A20AB981FB}.Ad-Hoc|Any CPU.ActiveCfg = Release|Any CPU
		{51077304-A917-4158-8615-29A20AB981FB}.Ad-Hoc|Any CPU.Build.0 = Release|Any CPU
		{51077304-A917-4158-8615-29A20AB981FB}.Ad-Hoc|Any CPU.Deploy.0 = Release|Any CPU
		{51077304-A917-4158-8615-29A20AB981FB}.Ad-Hoc|ARM.ActiveCfg = Release|ARM
		{51077304-A917-4158-8615-29A20AB981FB}.Ad-Hoc|ARM.Build.0 = Release|ARM
		{51077304-A917-4158-8615-29A20AB981FB}.Ad-Hoc|ARM.Deploy.0 = Release|ARM
		{51077304-A917-4158-8615-29A20AB981FB}.Ad-Hoc|iPhone.ActiveCfg = Release|Any CPU
		{51077304-A917-4158-8615-29A20AB981FB}.Ad-Hoc|iPhoneSimulator.ActiveCfg = Release|Any CPU
		{51077304-A917-4158-8615-29A20AB981FB}.Ad-Hoc|Mixed Platforms.ActiveCfg = Release|x86
		{51077304-A917-4158-8615-29A20AB981FB}.Ad-Hoc|Mixed Platforms.Build.0 = Release|x86
		{51077304-A917-4158-8615-29A20AB981FB}.Ad-Hoc|Mixed Platforms.Deploy.0 = Release|x86
		{51077304-A917-4158-8615-29A20AB981FB}.Ad-Hoc|x64.ActiveCfg = Release|Any CPU
		{51077304-A917-4158-8615-29A20AB981FB}.Ad-Hoc|x86.ActiveCfg = Release|x86
		{51077304-A917-4158-8615-29A20AB981FB}.Ad-Hoc|x86.Build.0 = Release|x86
		{51077304-A917-4158-8615-29A20AB981FB}.Ad-Hoc|x86.Deploy.0 = Release|x86
		{51077304-A917-4158-8615-29A20AB981FB}.AppStore|Any CPU.ActiveCfg = Release|Any CPU
		{51077304-A917-4158-8615-29A20AB981FB}.AppStore|Any CPU.Build.0 = Release|Any CPU
		{51077304-A917-4158-8615-29A20AB981FB}.AppStore|Any CPU.Deploy.0 = Release|Any CPU
		{51077304-A917-4158-8615-29A20AB981FB}.AppStore|ARM.ActiveCfg = Release|ARM
		{51077304-A917-4158-8615-29A20AB981FB}.AppStore|ARM.Build.0 = Release|ARM
		{51077304-A917-4158-8615-29A20AB981FB}.AppStore|ARM.Deploy.0 = Release|ARM
		{51077304-A917-4158-8615-29A20AB981FB}.AppStore|iPhone.ActiveCfg = Release|Any CPU
		{51077304-A917-4158-8615-29A20AB981FB}.AppStore|iPhoneSimulator.ActiveCfg = Release|Any CPU
		{51077304-A917-4158-8615-29A20AB981FB}.AppStore|Mixed Platforms.ActiveCfg = Release|x86
		{51077304-A917-4158-8615-29A20AB981FB}.AppStore|Mixed Platforms.Build.0 = Release|x86
		{51077304-A917-4158-8615-29A20AB981FB}.AppStore|Mixed Platforms.Deploy.0 = Release|x86
		{51077304-A917-4158-8615-29A20AB981FB}.AppStore|x64.ActiveCfg = Release|Any CPU
		{51077304-A917-4158-8615-29A20AB981FB}.AppStore|x86.ActiveCfg = Release|x86
		{51077304-A917-4158-8615-29A20AB981FB}.AppStore|x86.Build.0 = Release|x86
		{51077304-A917-4158-8615-29A20AB981FB}.AppStore|x86.Deploy.0 = Release|x86
		{51077304-A917-4158-8615-29A20AB981FB}.Debug|Any CPU.ActiveCfg = Debug|Any CPU
		{51077304-A917-4158-8615-29A20AB981FB}.Debug|Any CPU.Build.0 = Debug|Any CPU
		{51077304-A917-4158-8615-29A20AB981FB}.Debug|Any CPU.Deploy.0 = Debug|Any CPU
		{51077304-A917-4158-8615-29A20AB981FB}.Debug|ARM.ActiveCfg = Debug|ARM
		{51077304-A917-4158-8615-29A20AB981FB}.Debug|ARM.Build.0 = Debug|ARM
		{51077304-A917-4158-8615-29A20AB981FB}.Debug|ARM.Deploy.0 = Debug|ARM
		{51077304-A917-4158-8615-29A20AB981FB}.Debug|iPhone.ActiveCfg = Debug|Any CPU
		{51077304-A917-4158-8615-29A20AB981FB}.Debug|iPhoneSimulator.ActiveCfg = Debug|Any CPU
		{51077304-A917-4158-8615-29A20AB981FB}.Debug|Mixed Platforms.ActiveCfg = Debug|x86
		{51077304-A917-4158-8615-29A20AB981FB}.Debug|Mixed Platforms.Build.0 = Debug|x86
		{51077304-A917-4158-8615-29A20AB981FB}.Debug|Mixed Platforms.Deploy.0 = Debug|x86
		{51077304-A917-4158-8615-29A20AB981FB}.Debug|x64.ActiveCfg = Debug|Any CPU
		{51077304-A917-4158-8615-29A20AB981FB}.Debug|x86.ActiveCfg = Debug|x86
		{51077304-A917-4158-8615-29A20AB981FB}.Debug|x86.Build.0 = Debug|x86
		{51077304-A917-4158-8615-29A20AB981FB}.Debug|x86.Deploy.0 = Debug|x86
		{51077304-A917-4158-8615-29A20AB981FB}.Release|Any CPU.ActiveCfg = Release|Any CPU
		{51077304-A917-4158-8615-29A20AB981FB}.Release|Any CPU.Build.0 = Release|Any CPU
		{51077304-A917-4158-8615-29A20AB981FB}.Release|Any CPU.Deploy.0 = Release|Any CPU
		{51077304-A917-4158-8615-29A20AB981FB}.Release|ARM.ActiveCfg = Release|ARM
		{51077304-A917-4158-8615-29A20AB981FB}.Release|ARM.Build.0 = Release|ARM
		{51077304-A917-4158-8615-29A20AB981FB}.Release|ARM.Deploy.0 = Release|ARM
		{51077304-A917-4158-8615-29A20AB981FB}.Release|iPhone.ActiveCfg = Release|Any CPU
		{51077304-A917-4158-8615-29A20AB981FB}.Release|iPhoneSimulator.ActiveCfg = Release|Any CPU
		{51077304-A917-4158-8615-29A20AB981FB}.Release|Mixed Platforms.ActiveCfg = Release|x86
		{51077304-A917-4158-8615-29A20AB981FB}.Release|Mixed Platforms.Build.0 = Release|x86
		{51077304-A917-4158-8615-29A20AB981FB}.Release|Mixed Platforms.Deploy.0 = Release|x86
		{51077304-A917-4158-8615-29A20AB981FB}.Release|x64.ActiveCfg = Release|Any CPU
		{51077304-A917-4158-8615-29A20AB981FB}.Release|x86.ActiveCfg = Release|x86
		{51077304-A917-4158-8615-29A20AB981FB}.Release|x86.Build.0 = Release|x86
		{51077304-A917-4158-8615-29A20AB981FB}.Release|x86.Deploy.0 = Release|x86
		{747706F4-ECBF-4D50-8D72-B0DDCC18395C}.Ad-Hoc|Any CPU.ActiveCfg = Release|Any CPU
		{747706F4-ECBF-4D50-8D72-B0DDCC18395C}.Ad-Hoc|Any CPU.Build.0 = Release|Any CPU
		{747706F4-ECBF-4D50-8D72-B0DDCC18395C}.Ad-Hoc|ARM.ActiveCfg = Release|Any CPU
		{747706F4-ECBF-4D50-8D72-B0DDCC18395C}.Ad-Hoc|iPhone.ActiveCfg = Release|Any CPU
		{747706F4-ECBF-4D50-8D72-B0DDCC18395C}.Ad-Hoc|iPhoneSimulator.ActiveCfg = Release|Any CPU
		{747706F4-ECBF-4D50-8D72-B0DDCC18395C}.Ad-Hoc|Mixed Platforms.ActiveCfg = Release|Any CPU
		{747706F4-ECBF-4D50-8D72-B0DDCC18395C}.Ad-Hoc|Mixed Platforms.Build.0 = Release|Any CPU
		{747706F4-ECBF-4D50-8D72-B0DDCC18395C}.Ad-Hoc|x64.ActiveCfg = Release|Any CPU
		{747706F4-ECBF-4D50-8D72-B0DDCC18395C}.Ad-Hoc|x86.ActiveCfg = Release|Any CPU
		{747706F4-ECBF-4D50-8D72-B0DDCC18395C}.AppStore|Any CPU.ActiveCfg = Release|Any CPU
		{747706F4-ECBF-4D50-8D72-B0DDCC18395C}.AppStore|Any CPU.Build.0 = Release|Any CPU
		{747706F4-ECBF-4D50-8D72-B0DDCC18395C}.AppStore|ARM.ActiveCfg = Release|Any CPU
		{747706F4-ECBF-4D50-8D72-B0DDCC18395C}.AppStore|iPhone.ActiveCfg = Release|Any CPU
		{747706F4-ECBF-4D50-8D72-B0DDCC18395C}.AppStore|iPhoneSimulator.ActiveCfg = Release|Any CPU
		{747706F4-ECBF-4D50-8D72-B0DDCC18395C}.AppStore|Mixed Platforms.ActiveCfg = Release|Any CPU
		{747706F4-ECBF-4D50-8D72-B0DDCC18395C}.AppStore|Mixed Platforms.Build.0 = Release|Any CPU
		{747706F4-ECBF-4D50-8D72-B0DDCC18395C}.AppStore|x64.ActiveCfg = Release|Any CPU
		{747706F4-ECBF-4D50-8D72-B0DDCC18395C}.AppStore|x86.ActiveCfg = Release|Any CPU
		{747706F4-ECBF-4D50-8D72-B0DDCC18395C}.Debug|Any CPU.ActiveCfg = Debug|Any CPU
		{747706F4-ECBF-4D50-8D72-B0DDCC18395C}.Debug|Any CPU.Build.0 = Debug|Any CPU
		{747706F4-ECBF-4D50-8D72-B0DDCC18395C}.Debug|ARM.ActiveCfg = Debug|Any CPU
		{747706F4-ECBF-4D50-8D72-B0DDCC18395C}.Debug|iPhone.ActiveCfg = Debug|Any CPU
		{747706F4-ECBF-4D50-8D72-B0DDCC18395C}.Debug|iPhoneSimulator.ActiveCfg = Debug|Any CPU
		{747706F4-ECBF-4D50-8D72-B0DDCC18395C}.Debug|Mixed Platforms.ActiveCfg = Debug|Any CPU
		{747706F4-ECBF-4D50-8D72-B0DDCC18395C}.Debug|Mixed Platforms.Build.0 = Debug|Any CPU
		{747706F4-ECBF-4D50-8D72-B0DDCC18395C}.Debug|x64.ActiveCfg = Debug|Any CPU
		{747706F4-ECBF-4D50-8D72-B0DDCC18395C}.Debug|x86.ActiveCfg = Debug|Any CPU
		{747706F4-ECBF-4D50-8D72-B0DDCC18395C}.Release|Any CPU.ActiveCfg = Release|Any CPU
		{747706F4-ECBF-4D50-8D72-B0DDCC18395C}.Release|Any CPU.Build.0 = Release|Any CPU
		{747706F4-ECBF-4D50-8D72-B0DDCC18395C}.Release|ARM.ActiveCfg = Release|Any CPU
		{747706F4-ECBF-4D50-8D72-B0DDCC18395C}.Release|iPhone.ActiveCfg = Release|Any CPU
		{747706F4-ECBF-4D50-8D72-B0DDCC18395C}.Release|iPhoneSimulator.ActiveCfg = Release|Any CPU
		{747706F4-ECBF-4D50-8D72-B0DDCC18395C}.Release|Mixed Platforms.ActiveCfg = Release|Any CPU
		{747706F4-ECBF-4D50-8D72-B0DDCC18395C}.Release|Mixed Platforms.Build.0 = Release|Any CPU
		{747706F4-ECBF-4D50-8D72-B0DDCC18395C}.Release|x64.ActiveCfg = Release|Any CPU
		{747706F4-ECBF-4D50-8D72-B0DDCC18395C}.Release|x86.ActiveCfg = Release|Any CPU
		{20C82258-D3E4-429A-AEE9-51DD6317BC90}.Ad-Hoc|Any CPU.ActiveCfg = Release|Any CPU
		{20C82258-D3E4-429A-AEE9-51DD6317BC90}.Ad-Hoc|Any CPU.Build.0 = Release|Any CPU
		{20C82258-D3E4-429A-AEE9-51DD6317BC90}.Ad-Hoc|Any CPU.Deploy.0 = Release|Any CPU
		{20C82258-D3E4-429A-AEE9-51DD6317BC90}.Ad-Hoc|ARM.ActiveCfg = Release|ARM
		{20C82258-D3E4-429A-AEE9-51DD6317BC90}.Ad-Hoc|ARM.Build.0 = Release|ARM
		{20C82258-D3E4-429A-AEE9-51DD6317BC90}.Ad-Hoc|ARM.Deploy.0 = Release|ARM
		{20C82258-D3E4-429A-AEE9-51DD6317BC90}.Ad-Hoc|iPhone.ActiveCfg = Release|Any CPU
		{20C82258-D3E4-429A-AEE9-51DD6317BC90}.Ad-Hoc|iPhoneSimulator.ActiveCfg = Release|Any CPU
		{20C82258-D3E4-429A-AEE9-51DD6317BC90}.Ad-Hoc|Mixed Platforms.ActiveCfg = Release|x86
		{20C82258-D3E4-429A-AEE9-51DD6317BC90}.Ad-Hoc|Mixed Platforms.Build.0 = Release|x86
		{20C82258-D3E4-429A-AEE9-51DD6317BC90}.Ad-Hoc|Mixed Platforms.Deploy.0 = Release|x86
		{20C82258-D3E4-429A-AEE9-51DD6317BC90}.Ad-Hoc|x64.ActiveCfg = Release|Any CPU
		{20C82258-D3E4-429A-AEE9-51DD6317BC90}.Ad-Hoc|x86.ActiveCfg = Release|x86
		{20C82258-D3E4-429A-AEE9-51DD6317BC90}.Ad-Hoc|x86.Build.0 = Release|x86
		{20C82258-D3E4-429A-AEE9-51DD6317BC90}.Ad-Hoc|x86.Deploy.0 = Release|x86
		{20C82258-D3E4-429A-AEE9-51DD6317BC90}.AppStore|Any CPU.ActiveCfg = Release|Any CPU
		{20C82258-D3E4-429A-AEE9-51DD6317BC90}.AppStore|Any CPU.Build.0 = Release|Any CPU
		{20C82258-D3E4-429A-AEE9-51DD6317BC90}.AppStore|Any CPU.Deploy.0 = Release|Any CPU
		{20C82258-D3E4-429A-AEE9-51DD6317BC90}.AppStore|ARM.ActiveCfg = Release|ARM
		{20C82258-D3E4-429A-AEE9-51DD6317BC90}.AppStore|ARM.Build.0 = Release|ARM
		{20C82258-D3E4-429A-AEE9-51DD6317BC90}.AppStore|ARM.Deploy.0 = Release|ARM
		{20C82258-D3E4-429A-AEE9-51DD6317BC90}.AppStore|iPhone.ActiveCfg = Release|Any CPU
		{20C82258-D3E4-429A-AEE9-51DD6317BC90}.AppStore|iPhoneSimulator.ActiveCfg = Release|Any CPU
		{20C82258-D3E4-429A-AEE9-51DD6317BC90}.AppStore|Mixed Platforms.ActiveCfg = Release|x86
		{20C82258-D3E4-429A-AEE9-51DD6317BC90}.AppStore|Mixed Platforms.Build.0 = Release|x86
		{20C82258-D3E4-429A-AEE9-51DD6317BC90}.AppStore|Mixed Platforms.Deploy.0 = Release|x86
		{20C82258-D3E4-429A-AEE9-51DD6317BC90}.AppStore|x64.ActiveCfg = Release|Any CPU
		{20C82258-D3E4-429A-AEE9-51DD6317BC90}.AppStore|x86.ActiveCfg = Release|x86
		{20C82258-D3E4-429A-AEE9-51DD6317BC90}.AppStore|x86.Build.0 = Release|x86
		{20C82258-D3E4-429A-AEE9-51DD6317BC90}.AppStore|x86.Deploy.0 = Release|x86
		{20C82258-D3E4-429A-AEE9-51DD6317BC90}.Debug|Any CPU.ActiveCfg = Debug|Any CPU
		{20C82258-D3E4-429A-AEE9-51DD6317BC90}.Debug|Any CPU.Build.0 = Debug|Any CPU
		{20C82258-D3E4-429A-AEE9-51DD6317BC90}.Debug|Any CPU.Deploy.0 = Debug|Any CPU
		{20C82258-D3E4-429A-AEE9-51DD6317BC90}.Debug|ARM.ActiveCfg = Debug|ARM
		{20C82258-D3E4-429A-AEE9-51DD6317BC90}.Debug|ARM.Build.0 = Debug|ARM
		{20C82258-D3E4-429A-AEE9-51DD6317BC90}.Debug|ARM.Deploy.0 = Debug|ARM
		{20C82258-D3E4-429A-AEE9-51DD6317BC90}.Debug|iPhone.ActiveCfg = Debug|Any CPU
		{20C82258-D3E4-429A-AEE9-51DD6317BC90}.Debug|iPhoneSimulator.ActiveCfg = Debug|Any CPU
		{20C82258-D3E4-429A-AEE9-51DD6317BC90}.Debug|Mixed Platforms.ActiveCfg = Debug|x86
		{20C82258-D3E4-429A-AEE9-51DD6317BC90}.Debug|Mixed Platforms.Build.0 = Debug|x86
		{20C82258-D3E4-429A-AEE9-51DD6317BC90}.Debug|Mixed Platforms.Deploy.0 = Debug|x86
		{20C82258-D3E4-429A-AEE9-51DD6317BC90}.Debug|x64.ActiveCfg = Debug|Any CPU
		{20C82258-D3E4-429A-AEE9-51DD6317BC90}.Debug|x86.ActiveCfg = Debug|x86
		{20C82258-D3E4-429A-AEE9-51DD6317BC90}.Debug|x86.Build.0 = Debug|x86
		{20C82258-D3E4-429A-AEE9-51DD6317BC90}.Debug|x86.Deploy.0 = Debug|x86
		{20C82258-D3E4-429A-AEE9-51DD6317BC90}.Release|Any CPU.ActiveCfg = Release|Any CPU
		{20C82258-D3E4-429A-AEE9-51DD6317BC90}.Release|Any CPU.Build.0 = Release|Any CPU
		{20C82258-D3E4-429A-AEE9-51DD6317BC90}.Release|Any CPU.Deploy.0 = Release|Any CPU
		{20C82258-D3E4-429A-AEE9-51DD6317BC90}.Release|ARM.ActiveCfg = Release|ARM
		{20C82258-D3E4-429A-AEE9-51DD6317BC90}.Release|ARM.Build.0 = Release|ARM
		{20C82258-D3E4-429A-AEE9-51DD6317BC90}.Release|ARM.Deploy.0 = Release|ARM
		{20C82258-D3E4-429A-AEE9-51DD6317BC90}.Release|iPhone.ActiveCfg = Release|Any CPU
		{20C82258-D3E4-429A-AEE9-51DD6317BC90}.Release|iPhoneSimulator.ActiveCfg = Release|Any CPU
		{20C82258-D3E4-429A-AEE9-51DD6317BC90}.Release|Mixed Platforms.ActiveCfg = Release|x86
		{20C82258-D3E4-429A-AEE9-51DD6317BC90}.Release|Mixed Platforms.Build.0 = Release|x86
		{20C82258-D3E4-429A-AEE9-51DD6317BC90}.Release|Mixed Platforms.Deploy.0 = Release|x86
		{20C82258-D3E4-429A-AEE9-51DD6317BC90}.Release|x64.ActiveCfg = Release|Any CPU
		{20C82258-D3E4-429A-AEE9-51DD6317BC90}.Release|x86.ActiveCfg = Release|x86
		{20C82258-D3E4-429A-AEE9-51DD6317BC90}.Release|x86.Build.0 = Release|x86
		{20C82258-D3E4-429A-AEE9-51DD6317BC90}.Release|x86.Deploy.0 = Release|x86
		{75CCCE90-11AA-405D-A128-FEA952708D15}.Ad-Hoc|Any CPU.ActiveCfg = Release|Any CPU
		{75CCCE90-11AA-405D-A128-FEA952708D15}.Ad-Hoc|Any CPU.Build.0 = Release|Any CPU
		{75CCCE90-11AA-405D-A128-FEA952708D15}.Ad-Hoc|Any CPU.Deploy.0 = Release|Any CPU
		{75CCCE90-11AA-405D-A128-FEA952708D15}.Ad-Hoc|ARM.ActiveCfg = Release|ARM
		{75CCCE90-11AA-405D-A128-FEA952708D15}.Ad-Hoc|ARM.Build.0 = Release|ARM
		{75CCCE90-11AA-405D-A128-FEA952708D15}.Ad-Hoc|ARM.Deploy.0 = Release|ARM
		{75CCCE90-11AA-405D-A128-FEA952708D15}.Ad-Hoc|iPhone.ActiveCfg = Release|Any CPU
		{75CCCE90-11AA-405D-A128-FEA952708D15}.Ad-Hoc|iPhoneSimulator.ActiveCfg = Release|Any CPU
		{75CCCE90-11AA-405D-A128-FEA952708D15}.Ad-Hoc|Mixed Platforms.ActiveCfg = Release|x86
		{75CCCE90-11AA-405D-A128-FEA952708D15}.Ad-Hoc|Mixed Platforms.Build.0 = Release|x86
		{75CCCE90-11AA-405D-A128-FEA952708D15}.Ad-Hoc|Mixed Platforms.Deploy.0 = Release|x86
		{75CCCE90-11AA-405D-A128-FEA952708D15}.Ad-Hoc|x64.ActiveCfg = Release|x64
		{75CCCE90-11AA-405D-A128-FEA952708D15}.Ad-Hoc|x64.Build.0 = Release|x64
		{75CCCE90-11AA-405D-A128-FEA952708D15}.Ad-Hoc|x64.Deploy.0 = Release|x64
		{75CCCE90-11AA-405D-A128-FEA952708D15}.Ad-Hoc|x86.ActiveCfg = Release|x86
		{75CCCE90-11AA-405D-A128-FEA952708D15}.Ad-Hoc|x86.Build.0 = Release|x86
		{75CCCE90-11AA-405D-A128-FEA952708D15}.Ad-Hoc|x86.Deploy.0 = Release|x86
		{75CCCE90-11AA-405D-A128-FEA952708D15}.AppStore|Any CPU.ActiveCfg = Release|Any CPU
		{75CCCE90-11AA-405D-A128-FEA952708D15}.AppStore|Any CPU.Build.0 = Release|Any CPU
		{75CCCE90-11AA-405D-A128-FEA952708D15}.AppStore|Any CPU.Deploy.0 = Release|Any CPU
		{75CCCE90-11AA-405D-A128-FEA952708D15}.AppStore|ARM.ActiveCfg = Release|ARM
		{75CCCE90-11AA-405D-A128-FEA952708D15}.AppStore|ARM.Build.0 = Release|ARM
		{75CCCE90-11AA-405D-A128-FEA952708D15}.AppStore|ARM.Deploy.0 = Release|ARM
		{75CCCE90-11AA-405D-A128-FEA952708D15}.AppStore|iPhone.ActiveCfg = Release|Any CPU
		{75CCCE90-11AA-405D-A128-FEA952708D15}.AppStore|iPhoneSimulator.ActiveCfg = Release|Any CPU
		{75CCCE90-11AA-405D-A128-FEA952708D15}.AppStore|Mixed Platforms.ActiveCfg = Release|x86
		{75CCCE90-11AA-405D-A128-FEA952708D15}.AppStore|Mixed Platforms.Build.0 = Release|x86
		{75CCCE90-11AA-405D-A128-FEA952708D15}.AppStore|Mixed Platforms.Deploy.0 = Release|x86
		{75CCCE90-11AA-405D-A128-FEA952708D15}.AppStore|x64.ActiveCfg = Release|x64
		{75CCCE90-11AA-405D-A128-FEA952708D15}.AppStore|x64.Build.0 = Release|x64
		{75CCCE90-11AA-405D-A128-FEA952708D15}.AppStore|x64.Deploy.0 = Release|x64
		{75CCCE90-11AA-405D-A128-FEA952708D15}.AppStore|x86.ActiveCfg = Release|x86
		{75CCCE90-11AA-405D-A128-FEA952708D15}.AppStore|x86.Build.0 = Release|x86
		{75CCCE90-11AA-405D-A128-FEA952708D15}.AppStore|x86.Deploy.0 = Release|x86
		{75CCCE90-11AA-405D-A128-FEA952708D15}.Debug|Any CPU.ActiveCfg = Debug|Any CPU
		{75CCCE90-11AA-405D-A128-FEA952708D15}.Debug|Any CPU.Build.0 = Debug|Any CPU
		{75CCCE90-11AA-405D-A128-FEA952708D15}.Debug|Any CPU.Deploy.0 = Debug|Any CPU
		{75CCCE90-11AA-405D-A128-FEA952708D15}.Debug|ARM.ActiveCfg = Debug|ARM
		{75CCCE90-11AA-405D-A128-FEA952708D15}.Debug|ARM.Build.0 = Debug|ARM
		{75CCCE90-11AA-405D-A128-FEA952708D15}.Debug|ARM.Deploy.0 = Debug|ARM
		{75CCCE90-11AA-405D-A128-FEA952708D15}.Debug|iPhone.ActiveCfg = Debug|Any CPU
		{75CCCE90-11AA-405D-A128-FEA952708D15}.Debug|iPhoneSimulator.ActiveCfg = Debug|Any CPU
		{75CCCE90-11AA-405D-A128-FEA952708D15}.Debug|Mixed Platforms.ActiveCfg = Debug|x86
		{75CCCE90-11AA-405D-A128-FEA952708D15}.Debug|Mixed Platforms.Build.0 = Debug|x86
		{75CCCE90-11AA-405D-A128-FEA952708D15}.Debug|Mixed Platforms.Deploy.0 = Debug|x86
		{75CCCE90-11AA-405D-A128-FEA952708D15}.Debug|x64.ActiveCfg = Debug|x64
		{75CCCE90-11AA-405D-A128-FEA952708D15}.Debug|x64.Build.0 = Debug|x64
		{75CCCE90-11AA-405D-A128-FEA952708D15}.Debug|x64.Deploy.0 = Debug|x64
		{75CCCE90-11AA-405D-A128-FEA952708D15}.Debug|x86.ActiveCfg = Debug|x86
		{75CCCE90-11AA-405D-A128-FEA952708D15}.Debug|x86.Build.0 = Debug|x86
		{75CCCE90-11AA-405D-A128-FEA952708D15}.Debug|x86.Deploy.0 = Debug|x86
		{75CCCE90-11AA-405D-A128-FEA952708D15}.Release|Any CPU.ActiveCfg = Release|Any CPU
		{75CCCE90-11AA-405D-A128-FEA952708D15}.Release|Any CPU.Build.0 = Release|Any CPU
		{75CCCE90-11AA-405D-A128-FEA952708D15}.Release|Any CPU.Deploy.0 = Release|Any CPU
		{75CCCE90-11AA-405D-A128-FEA952708D15}.Release|ARM.ActiveCfg = Release|ARM
		{75CCCE90-11AA-405D-A128-FEA952708D15}.Release|ARM.Build.0 = Release|ARM
		{75CCCE90-11AA-405D-A128-FEA952708D15}.Release|ARM.Deploy.0 = Release|ARM
		{75CCCE90-11AA-405D-A128-FEA952708D15}.Release|iPhone.ActiveCfg = Release|Any CPU
		{75CCCE90-11AA-405D-A128-FEA952708D15}.Release|iPhoneSimulator.ActiveCfg = Release|Any CPU
		{75CCCE90-11AA-405D-A128-FEA952708D15}.Release|Mixed Platforms.ActiveCfg = Release|x86
		{75CCCE90-11AA-405D-A128-FEA952708D15}.Release|Mixed Platforms.Build.0 = Release|x86
		{75CCCE90-11AA-405D-A128-FEA952708D15}.Release|Mixed Platforms.Deploy.0 = Release|x86
		{75CCCE90-11AA-405D-A128-FEA952708D15}.Release|x64.ActiveCfg = Release|x64
		{75CCCE90-11AA-405D-A128-FEA952708D15}.Release|x64.Build.0 = Release|x64
		{75CCCE90-11AA-405D-A128-FEA952708D15}.Release|x64.Deploy.0 = Release|x64
		{75CCCE90-11AA-405D-A128-FEA952708D15}.Release|x86.ActiveCfg = Release|x86
		{75CCCE90-11AA-405D-A128-FEA952708D15}.Release|x86.Build.0 = Release|x86
		{75CCCE90-11AA-405D-A128-FEA952708D15}.Release|x86.Deploy.0 = Release|x86
	EndGlobalSection
	GlobalSection(SolutionProperties) = preSolution
		HideSolutionNode = FALSE
	EndGlobalSection
	GlobalSection(NestedProjects) = preSolution
		{1FFE966B-1CE5-4E36-9F54-31D0D36A3D49} = {9E58A2DA-C333-4A41-BF4F-9B88546DBB93}
		{D50C5EDC-1C29-443F-A26A-302E3F7ACC76} = {9E58A2DA-C333-4A41-BF4F-9B88546DBB93}
		{EBE27477-97CB-4394-BC1F-15ED7140C79F} = {9E58A2DA-C333-4A41-BF4F-9B88546DBB93}
		{FA794C59-088A-4E0C-800F-598FC9E102E7} = {9E58A2DA-C333-4A41-BF4F-9B88546DBB93}
	EndGlobalSection
EndGlobal
